
Microsoft Visual Studio Solution File, Format Version 12.00
# Visual Studio Version 17
VisualStudioVersion = 17.9.34728.123
MinimumVisualStudioVersion = 10.0.40219.1
Project("{9A19103F-16F7-4668-BE54-9A1E7A4F7556}") = "Indecine", "Indecine.csproj", "{08A62F34-66A1-4011-A58D-919810F0867B}"
EndProject
Global
	GlobalSection(SolutionConfigurationPlatforms) = preSolution
		Debug|Any CPU = Debug|Any CPU
		Release|Any CPU = Release|Any CPU
	EndGlobalSection
	GlobalSection(ProjectConfigurationPlatforms) = postSolution
		{08A62F34-66A1-4011-A58D-919810F0867B}.Debug|Any CPU.ActiveCfg = Debug|Any CPU
		{08A62F34-66A1-4011-A58D-919810F0867B}.Debug|Any CPU.Build.0 = Debug|Any CPU
		{08A62F34-66A1-4011-A58D-919810F0867B}.Release|Any CPU.ActiveCfg = Release|Any CPU
		{08A62F34-66A1-4011-A58D-919810F0867B}.Release|Any CPU.Build.0 = Release|Any CPU
	EndGlobalSection
	GlobalSection(SolutionProperties) = preSolution
		HideSolutionNode = FALSE
	EndGlobalSection
	GlobalSection(ExtensibilityGlobals) = postSolution
		SolutionGuid = {35210940-F6C8-45F8-94EF-24D068280E02}
	EndGlobalSection
EndGlobal
